
Microsoft Visual Studio Solution File, Format Version 12.00
# Visual Studio Version 16
VisualStudioVersion = 16.0.31702.278
MinimumVisualStudioVersion = 10.0.40219.1
Project("{2150E333-8FDC-42A3-9474-1A3956D46DE8}") = "Models", "Models", "{7FC3DD60-6D71-4A43-9F6B-2E6D0FE672F0}"
EndProject
Project("{2150E333-8FDC-42A3-9474-1A3956D46DE8}") = "Database", "Database", "{C511F6BD-942C-4AD4-B328-B747C85CAD6D}"
EndProject
Project("{9A19103F-16F7-4668-BE54-9A1E7A4F7556}") = "Daily.Database", "Daily.Database\Daily.Database.csproj", "{1FBE5888-CFCE-4B96-BAD0-9B142D2186CD}"
EndProject
Project("{2150E333-8FDC-42A3-9474-1A3956D46DE8}") = "Presentation", "Presentation", "{D79ACE30-3814-4C14-9F94-596FEAFDCB2B}"
EndProject
Project("{9A19103F-16F7-4668-BE54-9A1E7A4F7556}") = "Daily.WebApi", "Daily.WebApi\Daily.WebApi.csproj", "{D288E9DB-3344-4D4D-97BD-57389EEFA45B}"
EndProject
Project("{9A19103F-16F7-4668-BE54-9A1E7A4F7556}") = "Daily.Models", "Daily.Models\Daily.Models.csproj", "{DE11003B-C0E8-41E2-8467-E350D33AC966}"
EndProject
Project("{2150E333-8FDC-42A3-9474-1A3956D46DE8}") = "Services", "Services", "{7D320BD4-D10A-4915-BB80-3AE93CD5B9A8}"
EndProject
Project("{9A19103F-16F7-4668-BE54-9A1E7A4F7556}") = "Daily.Services", "Daily.Services\Daily.Services.csproj", "{4AB0C586-0A42-423F-84E7-AA11FB8E55F8}"
EndProject
Project("{2150E333-8FDC-42A3-9474-1A3956D46DE8}") = "Identity", "Identity", "{FFFAD7F2-1BB6-4AC6-9161-08FCADDA29AF}"
EndProject
Project("{9A19103F-16F7-4668-BE54-9A1E7A4F7556}") = "Daily.Identity", "Daily.Identity\Daily.Identity.csproj", "{EE7219F7-2AF1-4F85-B9D1-F0261FE20E6B}"
EndProject
Project("{2150E333-8FDC-42A3-9474-1A3956D46DE8}") = "wwwroot", "wwwroot", "{7D9529D8-FA3B-4FF0-8A16-5D8F73F58EE5}"
EndProject
Project("{2150E333-8FDC-42A3-9474-1A3956D46DE8}") = "html", "html", "{A45AB26C-6E56-4D91-A11F-2A143D02630C}"
EndProject
Project("{2150E333-8FDC-42A3-9474-1A3956D46DE8}") = "css", "css", "{3115B528-1D34-47B8-BD16-6E3C8F9B5CD0}"
EndProject
Project("{2150E333-8FDC-42A3-9474-1A3956D46DE8}") = "account", "account", "{3141186A-F65D-4BF6-9338-4F4647456517}"
	ProjectSection(SolutionItems) = preProject
		wwwroot\html\account\login.html = wwwroot\html\account\login.html
	EndProjectSection
EndProject
Project("{2150E333-8FDC-42A3-9474-1A3956D46DE8}") = "js", "js", "{A86B742F-7C02-4E4F-91A8-12BD8F299614}"
EndProject
Project("{2150E333-8FDC-42A3-9474-1A3956D46DE8}") = "account", "account", "{ACF2E700-A62D-4E4C-9B4E-E5944258AC84}"
	ProjectSection(SolutionItems) = preProject
		wwwroot\js\account\login.js = wwwroot\js\account\login.js
	EndProjectSection
EndProject
Project("{2150E333-8FDC-42A3-9474-1A3956D46DE8}") = "home", "home", "{81228C5F-2951-4C58-B5C8-62355B59E16A}"
	ProjectSection(SolutionItems) = preProject
		wwwroot\js\home\index.js = wwwroot\js\home\index.js
	EndProjectSection
EndProject
Project("{2150E333-8FDC-42A3-9474-1A3956D46DE8}") = "home", "home", "{FCD68485-F9EB-4280-8509-17E06B83ADE4}"
	ProjectSection(SolutionItems) = preProject
		wwwroot\html\home\index.html = wwwroot\html\home\index.html
	EndProjectSection
EndProject
Project("{2150E333-8FDC-42A3-9474-1A3956D46DE8}") = "general", "general", "{08681B4F-C8E4-46E5-8FD7-523393528E30}"
	ProjectSection(SolutionItems) = preProject
		wwwroot\js\general\general.js = wwwroot\js\general\general.js
	EndProjectSection
EndProject
Project("{2150E333-8FDC-42A3-9474-1A3956D46DE8}") = "notes", "notes", "{50051AB4-EA40-4B1D-8814-9A27AA98C186}"
	ProjectSection(SolutionItems) = preProject
		wwwroot\html\notes\index.html = wwwroot\html\notes\index.html
	EndProjectSection
EndProject
Project("{2150E333-8FDC-42A3-9474-1A3956D46DE8}") = "notes", "notes", "{5575A161-2F9B-4E31-90EB-51243E86BA35}"
	ProjectSection(SolutionItems) = preProject
		wwwroot\js\notes\notes.js = wwwroot\js\notes\notes.js
	EndProjectSection
EndProject
Global
	GlobalSection(SolutionConfigurationPlatforms) = preSolution
		Debug|Any CPU = Debug|Any CPU
		Release|Any CPU = Release|Any CPU
	EndGlobalSection
	GlobalSection(ProjectConfigurationPlatforms) = postSolution
		{1FBE5888-CFCE-4B96-BAD0-9B142D2186CD}.Debug|Any CPU.ActiveCfg = Debug|Any CPU
		{1FBE5888-CFCE-4B96-BAD0-9B142D2186CD}.Debug|Any CPU.Build.0 = Debug|Any CPU
		{1FBE5888-CFCE-4B96-BAD0-9B142D2186CD}.Release|Any CPU.ActiveCfg = Release|Any CPU
		{1FBE5888-CFCE-4B96-BAD0-9B142D2186CD}.Release|Any CPU.Build.0 = Release|Any CPU
		{D288E9DB-3344-4D4D-97BD-57389EEFA45B}.Debug|Any CPU.ActiveCfg = Debug|Any CPU
		{D288E9DB-3344-4D4D-97BD-57389EEFA45B}.Debug|Any CPU.Build.0 = Debug|Any CPU
		{D288E9DB-3344-4D4D-97BD-57389EEFA45B}.Release|Any CPU.ActiveCfg = Release|Any CPU
		{D288E9DB-3344-4D4D-97BD-57389EEFA45B}.Release|Any CPU.Build.0 = Release|Any CPU
		{DE11003B-C0E8-41E2-8467-E350D33AC966}.Debug|Any CPU.ActiveCfg = Debug|Any CPU
		{DE11003B-C0E8-41E2-8467-E350D33AC966}.Debug|Any CPU.Build.0 = Debug|Any CPU
		{DE11003B-C0E8-41E2-8467-E350D33AC966}.Release|Any CPU.ActiveCfg = Release|Any CPU
		{DE11003B-C0E8-41E2-8467-E350D33AC966}.Release|Any CPU.Build.0 = Release|Any CPU
		{4AB0C586-0A42-423F-84E7-AA11FB8E55F8}.Debug|Any CPU.ActiveCfg = Debug|Any CPU
		{4AB0C586-0A42-423F-84E7-AA11FB8E55F8}.Debug|Any CPU.Build.0 = Debug|Any CPU
		{4AB0C586-0A42-423F-84E7-AA11FB8E55F8}.Release|Any CPU.ActiveCfg = Release|Any CPU
		{4AB0C586-0A42-423F-84E7-AA11FB8E55F8}.Release|Any CPU.Build.0 = Release|Any CPU
		{EE7219F7-2AF1-4F85-B9D1-F0261FE20E6B}.Debug|Any CPU.ActiveCfg = Debug|Any CPU
		{EE7219F7-2AF1-4F85-B9D1-F0261FE20E6B}.Debug|Any CPU.Build.0 = Debug|Any CPU
		{EE7219F7-2AF1-4F85-B9D1-F0261FE20E6B}.Release|Any CPU.ActiveCfg = Release|Any CPU
		{EE7219F7-2AF1-4F85-B9D1-F0261FE20E6B}.Release|Any CPU.Build.0 = Release|Any CPU
	EndGlobalSection
	GlobalSection(SolutionProperties) = preSolution
		HideSolutionNode = FALSE
	EndGlobalSection
	GlobalSection(NestedProjects) = preSolution
		{1FBE5888-CFCE-4B96-BAD0-9B142D2186CD} = {C511F6BD-942C-4AD4-B328-B747C85CAD6D}
		{D288E9DB-3344-4D4D-97BD-57389EEFA45B} = {D79ACE30-3814-4C14-9F94-596FEAFDCB2B}
		{DE11003B-C0E8-41E2-8467-E350D33AC966} = {7FC3DD60-6D71-4A43-9F6B-2E6D0FE672F0}
		{4AB0C586-0A42-423F-84E7-AA11FB8E55F8} = {7D320BD4-D10A-4915-BB80-3AE93CD5B9A8}
		{EE7219F7-2AF1-4F85-B9D1-F0261FE20E6B} = {FFFAD7F2-1BB6-4AC6-9161-08FCADDA29AF}
		{A45AB26C-6E56-4D91-A11F-2A143D02630C} = {7D9529D8-FA3B-4FF0-8A16-5D8F73F58EE5}
		{3115B528-1D34-47B8-BD16-6E3C8F9B5CD0} = {7D9529D8-FA3B-4FF0-8A16-5D8F73F58EE5}
		{3141186A-F65D-4BF6-9338-4F4647456517} = {A45AB26C-6E56-4D91-A11F-2A143D02630C}
		{A86B742F-7C02-4E4F-91A8-12BD8F299614} = {7D9529D8-FA3B-4FF0-8A16-5D8F73F58EE5}
		{ACF2E700-A62D-4E4C-9B4E-E5944258AC84} = {A86B742F-7C02-4E4F-91A8-12BD8F299614}
		{81228C5F-2951-4C58-B5C8-62355B59E16A} = {A86B742F-7C02-4E4F-91A8-12BD8F299614}
		{FCD68485-F9EB-4280-8509-17E06B83ADE4} = {A45AB26C-6E56-4D91-A11F-2A143D02630C}
		{08681B4F-C8E4-46E5-8FD7-523393528E30} = {A86B742F-7C02-4E4F-91A8-12BD8F299614}
		{50051AB4-EA40-4B1D-8814-9A27AA98C186} = {A45AB26C-6E56-4D91-A11F-2A143D02630C}
		{5575A161-2F9B-4E31-90EB-51243E86BA35} = {A86B742F-7C02-4E4F-91A8-12BD8F299614}
	EndGlobalSection
	GlobalSection(ExtensibilityGlobals) = postSolution
		SolutionGuid = {97B1B630-C72F-49E1-BC6B-DA4E00B6150E}
	EndGlobalSection
EndGlobal
